Microsoft Visual Studio Solution File, Format Version 12.00
# Visual Studio Version 16
VisualStudioVersion = 16.0.0.0
MinimumVisualStudioVersion = 16.0.0.0
Project("{9A19103F-16F7-4668-BE54-9A1E7A4F7556}") = "Template.Web", "Template.Web\Template.Web.csproj", "{9200FD96-9DC4-4EB7-A2D0-42429CF24F91}"
EndProject
Project("{9A19103F-16F7-4668-BE54-9A1E7A4F7556}") = "Template.Web.Client", "Template.Web.Client\Template.Web.Client.csproj", "{56A0A218-D00A-45A5-922B-5C22295051A1}"
EndProject
Project("{FAE04EC0-301F-11D3-BF4B-00C04F79EFBC}") = "UiComponents", "UiComponents\UiComponents.csproj", "{76F4E8FE-EB1D-49A6-9796-AEC3EB4634A9}"
EndProject
Project("{FAE04EC0-301F-11D3-BF4B-00C04F79EFBC}") = "Pico", "Pico\Pico.csproj", "{E9BF5C35-8E0B-4809-ABAC-94F85E41AF64}"
EndProject
Global
	GlobalSection(SolutionConfigurationPlatforms) = preSolution
		Debug|Any CPU = Debug|Any CPU
		Debug|x64 = Debug|x64
		Debug|x86 = Debug|x86
		Release|Any CPU = Release|Any CPU
		Release|x64 = Release|x64
		Release|x86 = Release|x86
	EndGlobalSection
	GlobalSection(ProjectConfigurationPlatforms) = postSolution
		{56A0A218-D00A-45A5-922B-5C22295051A1}.Debug|Any CPU.ActiveCfg = Debug|Any CPU
		{56A0A218-D00A-45A5-922B-5C22295051A1}.Debug|Any CPU.Build.0 = Debug|Any CPU
		{56A0A218-D00A-45A5-922B-5C22295051A1}.Debug|x64.ActiveCfg = Debug|Any CPU
		{56A0A218-D00A-45A5-922B-5C22295051A1}.Debug|x64.Build.0 = Debug|Any CPU
		{56A0A218-D00A-45A5-922B-5C22295051A1}.Debug|x86.ActiveCfg = Debug|Any CPU
		{56A0A218-D00A-45A5-922B-5C22295051A1}.Debug|x86.Build.0 = Debug|Any CPU
		{56A0A218-D00A-45A5-922B-5C22295051A1}.Release|Any CPU.ActiveCfg = Release|Any CPU
		{56A0A218-D00A-45A5-922B-5C22295051A1}.Release|Any CPU.Build.0 = Release|Any CPU
		{56A0A218-D00A-45A5-922B-5C22295051A1}.Release|x64.ActiveCfg = Release|Any CPU
		{56A0A218-D00A-45A5-922B-5C22295051A1}.Release|x64.Build.0 = Release|Any CPU
		{56A0A218-D00A-45A5-922B-5C22295051A1}.Release|x86.ActiveCfg = Release|Any CPU
		{56A0A218-D00A-45A5-922B-5C22295051A1}.Release|x86.Build.0 = Release|Any CPU
		{9200FD96-9DC4-4EB7-A2D0-42429CF24F91}.Debug|Any CPU.ActiveCfg = Debug|Any CPU
		{9200FD96-9DC4-4EB7-A2D0-42429CF24F91}.Debug|Any CPU.Build.0 = Debug|Any CPU
		{9200FD96-9DC4-4EB7-A2D0-42429CF24F91}.Debug|x64.ActiveCfg = Debug|Any CPU
		{9200FD96-9DC4-4EB7-A2D0-42429CF24F91}.Debug|x64.Build.0 = Debug|Any CPU
		{9200FD96-9DC4-4EB7-A2D0-42429CF24F91}.Debug|x86.ActiveCfg = Debug|Any CPU
		{9200FD96-9DC4-4EB7-A2D0-42429CF24F91}.Debug|x86.Build.0 = Debug|Any CPU
		{9200FD96-9DC4-4EB7-A2D0-42429CF24F91}.Release|Any CPU.ActiveCfg = Release|Any CPU
		{9200FD96-9DC4-4EB7-A2D0-42429CF24F91}.Release|Any CPU.Build.0 = Release|Any CPU
		{9200FD96-9DC4-4EB7-A2D0-42429CF24F91}.Release|x64.ActiveCfg = Release|Any CPU
		{9200FD96-9DC4-4EB7-A2D0-42429CF24F91}.Release|x64.Build.0 = Release|Any CPU
		{9200FD96-9DC4-4EB7-A2D0-42429CF24F91}.Release|x86.ActiveCfg = Release|Any CPU
		{9200FD96-9DC4-4EB7-A2D0-42429CF24F91}.Release|x86.Build.0 = Release|Any CPU
		{76F4E8FE-EB1D-49A6-9796-AEC3EB4634A9}.Debug|Any CPU.ActiveCfg = Debug|Any CPU
		{76F4E8FE-EB1D-49A6-9796-AEC3EB4634A9}.Debug|Any CPU.Build.0 = Debug|Any CPU
		{76F4E8FE-EB1D-49A6-9796-AEC3EB4634A9}.Debug|x64.ActiveCfg = Debug|Any CPU
		{76F4E8FE-EB1D-49A6-9796-AEC3EB4634A9}.Debug|x64.Build.0 = Debug|Any CPU
		{76F4E8FE-EB1D-49A6-9796-AEC3EB4634A9}.Debug|x86.ActiveCfg = Debug|Any CPU
		{76F4E8FE-EB1D-49A6-9796-AEC3EB4634A9}.Debug|x86.Build.0 = Debug|Any CPU
		{76F4E8FE-EB1D-49A6-9796-AEC3EB4634A9}.Release|Any CPU.ActiveCfg = Release|Any CPU
		{76F4E8FE-EB1D-49A6-9796-AEC3EB4634A9}.Release|Any CPU.Build.0 = Release|Any CPU
		{76F4E8FE-EB1D-49A6-9796-AEC3EB4634A9}.Release|x64.ActiveCfg = Release|Any CPU
		{76F4E8FE-EB1D-49A6-9796-AEC3EB4634A9}.Release|x64.Build.0 = Release|Any CPU
		{76F4E8FE-EB1D-49A6-9796-AEC3EB4634A9}.Release|x86.ActiveCfg = Release|Any CPU
		{76F4E8FE-EB1D-49A6-9796-AEC3EB4634A9}.Release|x86.Build.0 = Release|Any CPU
		{E9BF5C35-8E0B-4809-ABAC-94F85E41AF64}.Debug|Any CPU.ActiveCfg = Debug|Any CPU
		{E9BF5C35-8E0B-4809-ABAC-94F85E41AF64}.Debug|Any CPU.Build.0 = Debug|Any CPU
		{E9BF5C35-8E0B-4809-ABAC-94F85E41AF64}.Debug|x64.ActiveCfg = Debug|Any CPU
		{E9BF5C35-8E0B-4809-ABAC-94F85E41AF64}.Debug|x64.Build.0 = Debug|Any CPU
		{E9BF5C35-8E0B-4809-ABAC-94F85E41AF64}.Debug|x86.ActiveCfg = Debug|Any CPU
		{E9BF5C35-8E0B-4809-ABAC-94F85E41AF64}.Debug|x86.Build.0 = Debug|Any CPU
		{E9BF5C35-8E0B-4809-ABAC-94F85E41AF64}.Release|Any CPU.ActiveCfg = Release|Any CPU
		{E9BF5C35-8E0B-4809-ABAC-94F85E41AF64}.Release|Any CPU.Build.0 = Release|Any CPU
		{E9BF5C35-8E0B-4809-ABAC-94F85E41AF64}.Release|x64.ActiveCfg = Release|Any CPU
		{E9BF5C35-8E0B-4809-ABAC-94F85E41AF64}.Release|x64.Build.0 = Release|Any CPU
		{E9BF5C35-8E0B-4809-ABAC-94F85E41AF64}.Release|x86.ActiveCfg = Release|Any CPU
		{E9BF5C35-8E0B-4809-ABAC-94F85E41AF64}.Release|x86.Build.0 = Release|Any CPU
	EndGlobalSection
	GlobalSection(SolutionProperties) = preSolution
		HideSolutionNode = FALSE
	EndGlobalSection
	GlobalSection(ExtensibilityGlobals) = postSolution
		SolutionGuid = {6967DD8E-AB35-4035-9A91-53A9AC137CD3}
	EndGlobalSection
EndGlobal
